<?xml version="1.0" encoding="UTF-8" standalone="yes" ?>
<CodeBlocks_project_file>
	<FileVersion major="1" minor="6" />
	<Project>
		<Option title="networkTest" />
		<Option pch_mode="2" />
		<Option compiler="gcc" />
		<Build>
			<Target title="Debug">
				<Option output="bin/Debug/networkTest" prefix_auto="1" extension_auto="1" />
				<Option object_output="obj/Debug/" />
				<Option type="1" />
				<Option compiler="gcc" />
				<Compiler>
					<Add option="-g" />
				</Compiler>
			</Target>
			<Target title="Release">
				<Option output="bin/Release/networkTest" prefix_auto="1" extension_auto="1" />
				<Option object_output="obj/Release/" />
				<Option type="1" />
				<Option compiler="gcc" />
				<Compiler>
					<Add option="-O2" />
				</Compiler>
				<Linker>
					<Add option="-s" />
				</Linker>
			</Target>
		</Build>
		<Compiler>
			<Add option="-Wall" />
		</Compiler>
		<Unit filename="Block.cpp" />
		<Unit filename="Block.h" />
		<Unit filename="Bullet.cpp" />
		<Unit filename="Bullet.h" />
		<Unit filename="Button.cpp" />
		<Unit filename="Button.h" />
		<Unit filename="ButtonPlacer.cpp" />
		<Unit filename="ButtonPlacer.h" />
		<Unit filename="Camera.cpp" />
		<Unit filename="Camera.h" />
		<Unit filename="Client.cpp" />
		<Unit filename="Client.h" />
		<Unit filename="ClientGameManager.cpp" />
		<Unit filename="ClientGameManager.h" />
		<Unit filename="Collision.cpp" />
		<Unit filename="Collision.h" />
		<Unit filename="ConnectionManager.cpp" />
		<Unit filename="ConnectionManager.h" />
		<Unit filename="Conversion.h" />
		<Unit filename="ErrorMessage.cpp" />
		<Unit filename="ErrorMessage.h" />
		<Unit filename="Flag.cpp" />
		<Unit filename="Flag.h" />
		<Unit filename="FlagManager.cpp" />
		<Unit filename="FlagManager.h" />
		<Unit filename="Floor.h" />
		<Unit filename="Floors.cpp" />
		<Unit filename="Floors.h" />
		<Unit filename="ForegroundObject.cpp" />
		<Unit filename="ForegroundObject.h" />
		<Unit filename="GameManager.cpp" />
		<Unit filename="GameManager.h" />
		<Unit filename="GameWorld.cpp" />
		<Unit filename="GameWorld.h" />
		<Unit filename="Gun.cpp" />
		<Unit filename="Gun.h" />
		<Unit filename="GunGiver.cpp" />
		<Unit filename="GunGiver.h" />
		<Unit filename="GunHandlers.cpp" />
		<Unit filename="GunHandlers.h" />
		<Unit filename="GunTypes.h" />
		<Unit filename="HeadsUpDisplay.cpp" />
		<Unit filename="HeadsUpDisplay.h" />
		<Unit filename="Healthbar.cpp" />
		<Unit filename="Healthbar.h" />
		<Unit filename="Input.cpp" />
		<Unit filename="Input.h" />
		<Unit filename="InterpolatingPlayer.cpp" />
		<Unit filename="InterpolatingPlayer.h" />
		<Unit filename="LargeImage.cpp" />
		<Unit filename="LargeImage.h" />
		<Unit filename="Lerp.cpp" />
		<Unit filename="Lerp.h" />
		<Unit filename="LevelManager.cpp" />
		<Unit filename="LevelManager.h" />
		<Unit filename="LineSegment.cpp" />
		<Unit filename="LineSegment.h" />
		<Unit filename="Minimap.cpp" />
		<Unit filename="Minimap.h" />
		<Unit filename="PacketIdentification.cpp" />
		<Unit filename="PacketIdentification.h" />
		<Unit filename="PacketManipulators.cpp" />
		<Unit filename="PacketManipulators.h" />
		<Unit filename="Pistol.cpp" />
		<Unit filename="Pistol.h" />
		<Unit filename="PlayerBase.cpp" />
		<Unit filename="PlayerBase.h" />
		<Unit filename="Portal.cpp" />
		<Unit filename="Portal.h" />
		<Unit filename="PredrawnButton.cpp" />
		<Unit filename="PredrawnButton.h" />
		<Unit filename="ScoreDisplay.cpp" />
		<Unit filename="ScoreDisplay.h" />
		<Unit filename="Scoreboard.cpp" />
		<Unit filename="Scoreboard.h" />
		<Unit filename="ServerGameManager.cpp" />
		<Unit filename="ServerGameManager.h" />
		<Unit filename="Shotgun.cpp" />
		<Unit filename="Shotgun.h" />
		<Unit filename="Sniper.cpp" />
		<Unit filename="Sniper.h" />
		<Unit filename="StatDisplay.cpp" />
		<Unit filename="StatDisplay.h" />
		<Unit filename="StateTracker.cpp" />
		<Unit filename="StateTracker.h" />
		<Unit filename="StaticObject.cpp" />
		<Unit filename="StaticObject.h" />
		<Unit filename="TeamManager.cpp" />
		<Unit filename="TeamManager.h" />
		<Unit filename="TypeChecker.cpp" />
		<Unit filename="TypeChecker.h" />
		<Unit filename="UndefinedLineSegment.cpp" />
		<Unit filename="UndefinedLineSegment.h" />
		<Unit filename="UserPlayer.cpp" />
		<Unit filename="UserPlayer.h" />
		<Unit filename="math.cpp" />
		<Unit filename="math.h" />
		<Unit filename="networkTest.cpp" />
		<Extensions>
			<code_completion />
			<envvars />
			<debugger />
			<lib_finder disable_auto="1" />
		</Extensions>
	</Project>
</CodeBlocks_project_file>
